
Microsoft Visual Studio Solution File, Format Version 12.00
# Visual Studio Version 17
VisualStudioVersion = 17.0.31903.59
MinimumVisualStudioVersion = 10.0.40219.1
Project("{FAE04EC0-301F-11D3-BF4B-00C04F79EFBC}") = "Task2", "Task2\Task2.csproj", "{AB201EDE-1A1B-4049-BD74-938FCEE7D8B3}"
EndProject
Global
	GlobalSection(SolutionConfigurationPlatforms) = preSolution
		Debug|Any CPU = Debug|Any CPU
		Release|Any CPU = Release|Any CPU
	EndGlobalSection
	GlobalSection(ProjectConfigurationPlatforms) = postSolution
		{AB201EDE-1A1B-4049-BD74-938FCEE7D8B3}.Debug|Any CPU.ActiveCfg = Debug|Any CPU
		{AB201EDE-1A1B-4049-BD74-938FCEE7D8B3}.Debug|Any CPU.Build.0 = Debug|Any CPU
		{AB201EDE-1A1B-4049-BD74-938FCEE7D8B3}.Release|Any CPU.ActiveCfg = Release|Any CPU
		{AB201EDE-1A1B-4049-BD74-938FCEE7D8B3}.Release|Any CPU.Build.0 = Release|Any CPU
	EndGlobalSection
	GlobalSection(SolutionProperties) = preSolution
		HideSolutionNode = FALSE
	EndGlobalSection
	GlobalSection(ExtensibilityGlobals) = postSolution
		SolutionGuid = {BEC09929-DD09-47DE-8D58-6CD6E08EC4F0}
	EndGlobalSection
EndGlobal
